
Microsoft Visual Studio Solution File, Format Version 11.00
# Visual Studio 2010
Project("{FAE04EC0-301F-11D3-BF4B-00C04F79EFBC}") = "Assembly-CSharp", "Assembly-CSharp.csproj", "{17c29155-39b6-03ae-4b78-be256df910d6}"
EndProject
Project("{FAE04EC0-301F-11D3-BF4B-00C04F79EFBC}") = "Assembly-CSharp-Editor", "Assembly-CSharp-Editor.csproj", "{e9a55a9d-eed6-88c5-ade3-7f12ca43388e}"
EndProject
Global
	GlobalSection(SolutionConfigurationPlatforms) = preSolution
		Debug|Any CPU = Debug|Any CPU
	EndGlobalSection
	GlobalSection(ProjectConfigurationPlatforms) = postSolution
		{17c29155-39b6-03ae-4b78-be256df910d6}.Debug|Any CPU.ActiveCfg = Debug|Any CPU
		{17c29155-39b6-03ae-4b78-be256df910d6}.Debug|Any CPU.Build.0 = Debug|Any CPU
		{e9a55a9d-eed6-88c5-ade3-7f12ca43388e}.Debug|Any CPU.ActiveCfg = Debug|Any CPU
		{e9a55a9d-eed6-88c5-ade3-7f12ca43388e}.Debug|Any CPU.Build.0 = Debug|Any CPU
	EndGlobalSection
	GlobalSection(SolutionProperties) = preSolution
		HideSolutionNode = FALSE
	EndGlobalSection
EndGlobal
